# THIS IS AN AUTOGENERATED FILE. DO NOT EDIT THIS FILE DIRECTLY.
# yarn lockfile v1


data-uri-to-buffer@^3.0.1:
  version "3.0.1"
  resolved "https://registry.yarnpkg.com/data-uri-to-buffer/-/data-uri-to-buffer-3.0.1.tgz#594b8973938c5bc2c33046535785341abc4f3636"
  integrity sha512-WboRycPNsVw3B3TL559F7kuBUM4d8CgMEvk6xEJlOp7OBPjt6G7z8WMWlD2rOFZLk6OYfFIUGsCOWzcQH9K2og==

fetch-blob@^2.1.1:
  version "2.1.1"
  resolved "https://registry.yarnpkg.com/fetch-blob/-/fetch-blob-2.1.1.tgz#a54ab0d5ed7ccdb0691db77b6674308b23fb2237"
  integrity sha512-Uf+gxPCe1hTOFXwkxYyckn8iUSk6CFXGy5VENZKifovUTZC9eUODWSBhOBS7zICGrAetKzdwLMr85KhIcePMAQ==

node-fetch@3.0.0-beta.9:
  version "3.0.0-beta.9"
  resolved "https://registry.yarnpkg.com/node-fetch/-/node-fetch-3.0.0-beta.9.tgz#0a7554cfb824380dd6812864389923c783c80d9b"
  integrity sha512-RdbZCEynH2tH46+tj0ua9caUHVWrd/RHnRfvly2EVdqGmI3ndS1Vn/xjm5KuGejDt2RNDQsVRLPNd2QPwcewVg==
  dependencies:
    data-uri-to-buffer "^3.0.1"
    fetch-blob "^2.1.1"
