# THIS IS AN AUTOGENERATED FILE. DO NOT EDIT THIS FILE DIRECTLY.
# yarn lockfile v1


dom-serializer@^1.0.1:
  version "1.2.0"
  resolved "https://registry.yarnpkg.com/dom-serializer/-/dom-serializer-1.2.0.tgz#3433d9136aeb3c627981daa385fc7f32d27c48f1"
  integrity sha512-n6kZFH/KlCrqs/1GHMOd5i2fd/beQHuehKdWvNNffbGHTr/almdhuVvTVFb3V7fglz+nC50fFusu3lY33h12pA==
  dependencies:
    domelementtype "^2.0.1"
    domhandler "^4.0.0"
    entities "^2.0.0"

domelementtype@^2.0.1, domelementtype@^2.1.0:
  version "2.1.0"
  resolved "https://registry.yarnpkg.com/domelementtype/-/domelementtype-2.1.0.tgz#a851c080a6d1c3d94344aed151d99f669edf585e"
  integrity sha512-LsTgx/L5VpD+Q8lmsXSHW2WpA+eBlZ9HPf3erD1IoPF00/3JKHZ3BknUVA2QGDNu69ZNmyFmCWBSO45XjYKC5w==

domhandler@4.0.0, domhandler@^4.0.0:
  version "4.0.0"
  resolved "https://registry.yarnpkg.com/domhandler/-/domhandler-4.0.0.tgz#01ea7821de996d85f69029e81fa873c21833098e"
  integrity sha512-KPTbnGQ1JeEMQyO1iYXoagsI6so/C96HZiFyByU3T6iAzpXn8EGEvct6unm1ZGoed8ByO2oirxgwxBmqKF9haA==
  dependencies:
    domelementtype "^2.1.0"

domutils@^2.4.4:
  version "2.4.4"
  resolved "https://registry.yarnpkg.com/domutils/-/domutils-2.4.4.tgz#282739c4b150d022d34699797369aad8d19bbbd3"
  integrity sha512-jBC0vOsECI4OMdD0GC9mGn7NXPLb+Qt6KW1YDQzeQYRUFKmNG8lh7mO5HiELfr+lLQE7loDVI4QcAxV80HS+RA==
  dependencies:
    dom-serializer "^1.0.1"
    domelementtype "^2.0.1"
    domhandler "^4.0.0"

entities@^2.0.0:
  version "2.1.0"
  resolved "https://registry.yarnpkg.com/entities/-/entities-2.1.0.tgz#992d3129cf7df6870b96c57858c249a120f8b8b5"
  integrity sha512-hCx1oky9PFrJ611mf0ifBLBRW8lUUVRlFolb5gWRfIELabBlbp9xZvrqZLZAs+NxFnbfQoeGd8wDkygjg7U85w==

html-dom-parser@1.0.0:
  version "1.0.0"
  resolved "https://registry.yarnpkg.com/html-dom-parser/-/html-dom-parser-1.0.0.tgz#00d42aa3ecfc1a965a91293ca60973c08205fad0"
  integrity sha512-1lKgZW6TccI5OMxRB+5+B3urj62oFB8bRx5cJPgOSHAPk9B5V+k2NM/2z7FuIwOgopnPP/KlgBMNnX/2nKy0lA==
  dependencies:
    domhandler "4.0.0"
    htmlparser2 "6.0.0"

html-react-parser@^1.1.2:
  version "1.1.2"
  resolved "https://registry.yarnpkg.com/html-react-parser/-/html-react-parser-1.1.2.tgz#66b67269048b22996328df799c92b9ec71e58225"
  integrity sha512-nR2UNyJvH9kY/GnVFd0XUbctl/ic02Zpr/FrOREwTp84nqnxqN+tCGa3arJrg0j+UbdZWK+bJYdAMbXWOJru6Q==
  dependencies:
    html-dom-parser "1.0.0"
    react-property "1.0.1"
    style-to-js "1.1.0"

htmlparser2@6.0.0:
  version "6.0.0"
  resolved "https://registry.yarnpkg.com/htmlparser2/-/htmlparser2-6.0.0.tgz#c2da005030390908ca4c91e5629e418e0665ac01"
  integrity sha512-numTQtDZMoh78zJpaNdJ9MXb2cv5G3jwUoe3dMQODubZvLoGvTE/Ofp6sHvH8OGKcN/8A47pGLi/k58xHP/Tfw==
  dependencies:
    domelementtype "^2.0.1"
    domhandler "^4.0.0"
    domutils "^2.4.4"
    entities "^2.0.0"

inline-style-parser@0.1.1:
  version "0.1.1"
  resolved "https://registry.yarnpkg.com/inline-style-parser/-/inline-style-parser-0.1.1.tgz#ec8a3b429274e9c0a1f1c4ffa9453a7fef72cea1"
  integrity sha512-7NXolsK4CAS5+xvdj5OMMbI962hU/wvwoxk+LWR9Ek9bVtyuuYScDN6eS0rUm6TxApFpw7CX1o4uJzcd4AyD3Q==

react-property@1.0.1:
  version "1.0.1"
  resolved "https://registry.yarnpkg.com/react-property/-/react-property-1.0.1.tgz#4ae4211557d0a0ae050a71aa8ad288c074bea4e6"
  integrity sha512-1tKOwxFn3dXVomH6pM9IkLkq2Y8oh+fh/lYW3MJ/B03URswUTqttgckOlbxY2XHF3vPG6uanSc4dVsLW/wk3wQ==

style-to-js@1.1.0:
  version "1.1.0"
  resolved "https://registry.yarnpkg.com/style-to-js/-/style-to-js-1.1.0.tgz#631cbb20fce204019b3aa1fcb5b69d951ceac4ac"
  integrity sha512-1OqefPDxGrlMwcbfpsTVRyzwdhr4W0uxYQzeA2F1CBc8WG04udg2+ybRnvh3XYL4TdHQrCahLtax2jc8xaE6rA==
  dependencies:
    style-to-object "0.3.0"

style-to-object@0.3.0:
  version "0.3.0"
  resolved "https://registry.yarnpkg.com/style-to-object/-/style-to-object-0.3.0.tgz#b1b790d205991cc783801967214979ee19a76e46"
  integrity sha512-CzFnRRXhzWIdItT3OmF8SQfWyahHhjq3HwcMNCNLn+N7klOOqPjMeG/4JSu77D7ypZdGvSzvkrbyeTMizz2VrA==
  dependencies:
    inline-style-parser "0.1.1"
